
Microsoft Visual Studio Solution File, Format Version 11.00
# Visual Studio 2010
Project("{FAE04EC0-301F-11D3-BF4B-00C04F79EFBC}") = "Assembly-CSharp-firstpass", "Assembly-CSharp-firstpass.csproj", "{265ca1f0-dfaf-18f3-75f0-a32c490883b6}"
EndProject
Project("{FAE04EC0-301F-11D3-BF4B-00C04F79EFBC}") = "Assembly-CSharp", "Assembly-CSharp.csproj", "{d38b0e93-f001-cb7b-a6a4-9d6d9c8796b7}"
EndProject
Project("{FAE04EC0-301F-11D3-BF4B-00C04F79EFBC}") = "VuforiaVersionCheckerScripts", "VuforiaVersionCheckerScripts.csproj", "{17233104-4574-a96c-f747-49b767ccbd85}"
EndProject
Project("{FAE04EC0-301F-11D3-BF4B-00C04F79EFBC}") = "Assembly-CSharp-Editor-firstpass", "Assembly-CSharp-Editor-firstpass.csproj", "{2cf5018a-36b5-8e79-1640-859e261136ee}"
EndProject
Project("{FAE04EC0-301F-11D3-BF4B-00C04F79EFBC}") = "EditorMigrationScripts", "EditorMigrationScripts.csproj", "{cba80a06-e8ad-f6c5-3b09-1bf5f697980a}"
EndProject
Global
	GlobalSection(SolutionConfigurationPlatforms) = preSolution
		Debug|Any CPU = Debug|Any CPU
	EndGlobalSection
	GlobalSection(ProjectConfigurationPlatforms) = postSolution
		{265ca1f0-dfaf-18f3-75f0-a32c490883b6}.Debug|Any CPU.ActiveCfg = Debug|Any CPU
		{265ca1f0-dfaf-18f3-75f0-a32c490883b6}.Debug|Any CPU.Build.0 = Debug|Any CPU
		{d38b0e93-f001-cb7b-a6a4-9d6d9c8796b7}.Debug|Any CPU.ActiveCfg = Debug|Any CPU
		{d38b0e93-f001-cb7b-a6a4-9d6d9c8796b7}.Debug|Any CPU.Build.0 = Debug|Any CPU
		{17233104-4574-a96c-f747-49b767ccbd85}.Debug|Any CPU.ActiveCfg = Debug|Any CPU
		{17233104-4574-a96c-f747-49b767ccbd85}.Debug|Any CPU.Build.0 = Debug|Any CPU
		{2cf5018a-36b5-8e79-1640-859e261136ee}.Debug|Any CPU.ActiveCfg = Debug|Any CPU
		{2cf5018a-36b5-8e79-1640-859e261136ee}.Debug|Any CPU.Build.0 = Debug|Any CPU
		{cba80a06-e8ad-f6c5-3b09-1bf5f697980a}.Debug|Any CPU.ActiveCfg = Debug|Any CPU
		{cba80a06-e8ad-f6c5-3b09-1bf5f697980a}.Debug|Any CPU.Build.0 = Debug|Any CPU
	EndGlobalSection
	GlobalSection(SolutionProperties) = preSolution
		HideSolutionNode = FALSE
	EndGlobalSection
EndGlobal
